
Microsoft Visual Studio Solution File, Format Version 12.00
# Visual Studio Version 17
VisualStudioVersion = 17.4.33213.308
MinimumVisualStudioVersion = 10.0.40219.1
Project("{FAE04EC0-301F-11D3-BF4B-00C04F79EFBC}") = "ConsoleApp3", "ConsoleApp3\ConsoleApp3.csproj", "{8ECAA3E6-1905-409F-98F0-A7B65800181B}"
EndProject
Global
	GlobalSection(SolutionConfigurationPlatforms) = preSolution
		Debug|Any CPU = Debug|Any CPU
		Release|Any CPU = Release|Any CPU
	EndGlobalSection
	GlobalSection(ProjectConfigurationPlatforms) = postSolution
		{8ECAA3E6-1905-409F-98F0-A7B65800181B}.Debug|Any CPU.ActiveCfg = Debug|Any CPU
		{8ECAA3E6-1905-409F-98F0-A7B65800181B}.Debug|Any CPU.Build.0 = Debug|Any CPU
		{8ECAA3E6-1905-409F-98F0-A7B65800181B}.Release|Any CPU.ActiveCfg = Release|Any CPU
		{8ECAA3E6-1905-409F-98F0-A7B65800181B}.Release|Any CPU.Build.0 = Release|Any CPU
	EndGlobalSection
	GlobalSection(SolutionProperties) = preSolution
		HideSolutionNode = FALSE
	EndGlobalSection
	GlobalSection(ExtensibilityGlobals) = postSolution
		SolutionGuid = {772205E6-3369-43E2-8748-6BACA8D0789F}
	EndGlobalSection
EndGlobal
